
Microsoft Visual Studio Solution File, Format Version 12.00
# Visual Studio 14
VisualStudioVersion = 14.0.24720.0
MinimumVisualStudioVersion = 10.0.40219.1
Project("{8BC9CEB8-8B4A-11D0-8D11-00A0C91BC942}") = "25ReverseNodesInKGroup", "25ReverseNodesInKGroup\25ReverseNodesInKGroup.vcxproj", "{1635C6AA-26A2-4CA4-9587-219D20C89008}"
EndProject
Project("{8BC9CEB8-8B4A-11D0-8D11-00A0C91BC942}") = "30FindSubString", "30FindSubString\30FindSubString.vcxproj", "{A63BA53C-FD4D-4B4D-BF1F-092DC9BEA8C5}"
EndProject
Project("{8BC9CEB8-8B4A-11D0-8D11-00A0C91BC942}") = "31NextPermutation", "31NextPermutation\31NextPermutation.vcxproj", "{F1E3939F-7F25-411E-B653-1D9E2A2D7BF5}"
EndProject
Project("{8BC9CEB8-8B4A-11D0-8D11-00A0C91BC942}") = "32LongestValidParentheses", "32LongestValidParentheses\32LongestValidParentheses.vcxproj", "{C2453972-70F1-490A-BE19-1CF5E63630D7}"
EndProject
Project("{8BC9CEB8-8B4A-11D0-8D11-00A0C91BC942}") = "33Search", "33Search\33Search.vcxproj", "{3B0D7637-666B-4B28-90EB-1775F596C2CC}"
EndProject
Project("{8BC9CEB8-8B4A-11D0-8D11-00A0C91BC942}") = "37SolveSudoku", "37SolveSudoku\37SolveSudoku.vcxproj", "{4A5E70BC-3E80-441C-A06C-1875C4C3625F}"
EndProject
Project("{8BC9CEB8-8B4A-11D0-8D11-00A0C91BC942}") = "44WildCardMatching", "WildCardMatching\WildCardMatching.vcxproj", "{1F146557-3846-4F09-B4DF-629001C221B9}"
EndProject
Project("{8BC9CEB8-8B4A-11D0-8D11-00A0C91BC942}") = "69Sqrtx", "Sqrtx\Sqrtx.vcxproj", "{644507A0-C413-4971-A9AA-52ECDB32F4DD}"
EndProject
Project("{8BC9CEB8-8B4A-11D0-8D11-00A0C91BC942}") = "41FirstMissingPositive", "41FirstMissingPositive\41FirstMissingPositive.vcxproj", "{A4BEB7B3-0198-4F30-8897-7C92A56C2A74}"
EndProject
Project("{8BC9CEB8-8B4A-11D0-8D11-00A0C91BC942}") = "42TrappingRainWater", "42TrappingRainWater\42TrappingRainWater.vcxproj", "{1E0321B0-8AC8-422C-9EF5-BCE482CFF585}"
EndProject
Project("{8BC9CEB8-8B4A-11D0-8D11-00A0C91BC942}") = "45JumpGame2", "JumpGame2\JumpGame2.vcxproj", "{C97CBA01-D0A9-4FCF-93AA-F2DF5D129680}"
EndProject
Project("{8BC9CEB8-8B4A-11D0-8D11-00A0C91BC942}") = "56MergeIntervals", "56MergeIntervals\56MergeIntervals.vcxproj", "{26BC9EE9-4560-4CD5-988C-F49E7C48AD65}"
EndProject
Project("{8BC9CEB8-8B4A-11D0-8D11-00A0C91BC942}") = "65ValidNumber", "65ValidNumber\65ValidNumber.vcxproj", "{46E4AAC6-A9A0-4C21-9AD5-EF4D110CE6BF}"
EndProject
Project("{8BC9CEB8-8B4A-11D0-8D11-00A0C91BC942}") = "68TextJustification", "TextJustification\TextJustification.vcxproj", "{C5F76DDD-82E1-4466-80FD-6877EB73DCC4}"
EndProject
Project("{8BC9CEB8-8B4A-11D0-8D11-00A0C91BC942}") = "76MinWinSubstr", "MinWinSubstr\MinWinSubstr.vcxproj", "{2A462050-5B9E-403D-AFFB-D26E57CC8078}"
EndProject
Project("{8BC9CEB8-8B4A-11D0-8D11-00A0C91BC942}") = "51NQueens", "51NQueens\51NQueens.vcxproj", "{BCEB734F-F44B-4F61-A260-6C46CA406DE9}"
EndProject
Project("{8BC9CEB8-8B4A-11D0-8D11-00A0C91BC942}") = "84LargestRectangleArea", "84LargestRectangleArea\84LargestRectangleArea.vcxproj", "{CB2DF0FE-675E-4236-B1D0-0C81EAA24B0F}"
EndProject
Project("{8BC9CEB8-8B4A-11D0-8D11-00A0C91BC942}") = "87ScrambleString", "ScrambleString\ScrambleString.vcxproj", "{5D7044F5-FBDD-407D-9664-422E532C94BE}"
EndProject
Project("{8BC9CEB8-8B4A-11D0-8D11-00A0C91BC942}") = "85maximalRectangle", "85maximalRectangle\85maximalRectangle.vcxproj", "{34334F0D-9179-4D2C-BFF3-9883686F30F5}"
EndProject
Global
	GlobalSection(SolutionConfigurationPlatforms) = preSolution
		Debug|x64 = Debug|x64
		Debug|x86 = Debug|x86
		Release|x64 = Release|x64
		Release|x86 = Release|x86
	EndGlobalSection
	GlobalSection(ProjectConfigurationPlatforms) = postSolution
		{1635C6AA-26A2-4CA4-9587-219D20C89008}.Debug|x64.ActiveCfg = Debug|x64
		{1635C6AA-26A2-4CA4-9587-219D20C89008}.Debug|x64.Build.0 = Debug|x64
		{1635C6AA-26A2-4CA4-9587-219D20C89008}.Debug|x86.ActiveCfg = Debug|Win32
		{1635C6AA-26A2-4CA4-9587-219D20C89008}.Debug|x86.Build.0 = Debug|Win32
		{1635C6AA-26A2-4CA4-9587-219D20C89008}.Release|x64.ActiveCfg = Release|x64
		{1635C6AA-26A2-4CA4-9587-219D20C89008}.Release|x64.Build.0 = Release|x64
		{1635C6AA-26A2-4CA4-9587-219D20C89008}.Release|x86.ActiveCfg = Release|Win32
		{1635C6AA-26A2-4CA4-9587-219D20C89008}.Release|x86.Build.0 = Release|Win32
		{A63BA53C-FD4D-4B4D-BF1F-092DC9BEA8C5}.Debug|x64.ActiveCfg = Debug|x64
		{A63BA53C-FD4D-4B4D-BF1F-092DC9BEA8C5}.Debug|x64.Build.0 = Debug|x64
		{A63BA53C-FD4D-4B4D-BF1F-092DC9BEA8C5}.Debug|x86.ActiveCfg = Debug|Win32
		{A63BA53C-FD4D-4B4D-BF1F-092DC9BEA8C5}.Debug|x86.Build.0 = Debug|Win32
		{A63BA53C-FD4D-4B4D-BF1F-092DC9BEA8C5}.Release|x64.ActiveCfg = Release|x64
		{A63BA53C-FD4D-4B4D-BF1F-092DC9BEA8C5}.Release|x64.Build.0 = Release|x64
		{A63BA53C-FD4D-4B4D-BF1F-092DC9BEA8C5}.Release|x86.ActiveCfg = Release|Win32
		{A63BA53C-FD4D-4B4D-BF1F-092DC9BEA8C5}.Release|x86.Build.0 = Release|Win32
		{F1E3939F-7F25-411E-B653-1D9E2A2D7BF5}.Debug|x64.ActiveCfg = Debug|x64
		{F1E3939F-7F25-411E-B653-1D9E2A2D7BF5}.Debug|x64.Build.0 = Debug|x64
		{F1E3939F-7F25-411E-B653-1D9E2A2D7BF5}.Debug|x86.ActiveCfg = Debug|Win32
		{F1E3939F-7F25-411E-B653-1D9E2A2D7BF5}.Debug|x86.Build.0 = Debug|Win32
		{F1E3939F-7F25-411E-B653-1D9E2A2D7BF5}.Release|x64.ActiveCfg = Release|x64
		{F1E3939F-7F25-411E-B653-1D9E2A2D7BF5}.Release|x64.Build.0 = Release|x64
		{F1E3939F-7F25-411E-B653-1D9E2A2D7BF5}.Release|x86.ActiveCfg = Release|Win32
		{F1E3939F-7F25-411E-B653-1D9E2A2D7BF5}.Release|x86.Build.0 = Release|Win32
		{C2453972-70F1-490A-BE19-1CF5E63630D7}.Debug|x64.ActiveCfg = Debug|x64
		{C2453972-70F1-490A-BE19-1CF5E63630D7}.Debug|x64.Build.0 = Debug|x64
		{C2453972-70F1-490A-BE19-1CF5E63630D7}.Debug|x86.ActiveCfg = Debug|Win32
		{C2453972-70F1-490A-BE19-1CF5E63630D7}.Debug|x86.Build.0 = Debug|Win32
		{C2453972-70F1-490A-BE19-1CF5E63630D7}.Release|x64.ActiveCfg = Release|x64
		{C2453972-70F1-490A-BE19-1CF5E63630D7}.Release|x64.Build.0 = Release|x64
		{C2453972-70F1-490A-BE19-1CF5E63630D7}.Release|x86.ActiveCfg = Release|Win32
		{C2453972-70F1-490A-BE19-1CF5E63630D7}.Release|x86.Build.0 = Release|Win32
		{3B0D7637-666B-4B28-90EB-1775F596C2CC}.Debug|x64.ActiveCfg = Debug|x64
		{3B0D7637-666B-4B28-90EB-1775F596C2CC}.Debug|x64.Build.0 = Debug|x64
		{3B0D7637-666B-4B28-90EB-1775F596C2CC}.Debug|x86.ActiveCfg = Debug|Win32
		{3B0D7637-666B-4B28-90EB-1775F596C2CC}.Debug|x86.Build.0 = Debug|Win32
		{3B0D7637-666B-4B28-90EB-1775F596C2CC}.Release|x64.ActiveCfg = Release|x64
		{3B0D7637-666B-4B28-90EB-1775F596C2CC}.Release|x64.Build.0 = Release|x64
		{3B0D7637-666B-4B28-90EB-1775F596C2CC}.Release|x86.ActiveCfg = Release|Win32
		{3B0D7637-666B-4B28-90EB-1775F596C2CC}.Release|x86.Build.0 = Release|Win32
		{4A5E70BC-3E80-441C-A06C-1875C4C3625F}.Debug|x64.ActiveCfg = Debug|x64
		{4A5E70BC-3E80-441C-A06C-1875C4C3625F}.Debug|x64.Build.0 = Debug|x64
		{4A5E70BC-3E80-441C-A06C-1875C4C3625F}.Debug|x86.ActiveCfg = Debug|Win32
		{4A5E70BC-3E80-441C-A06C-1875C4C3625F}.Debug|x86.Build.0 = Debug|Win32
		{4A5E70BC-3E80-441C-A06C-1875C4C3625F}.Release|x64.ActiveCfg = Release|x64
		{4A5E70BC-3E80-441C-A06C-1875C4C3625F}.Release|x64.Build.0 = Release|x64
		{4A5E70BC-3E80-441C-A06C-1875C4C3625F}.Release|x86.ActiveCfg = Release|Win32
		{4A5E70BC-3E80-441C-A06C-1875C4C3625F}.Release|x86.Build.0 = Release|Win32
		{1F146557-3846-4F09-B4DF-629001C221B9}.Debug|x64.ActiveCfg = Debug|x64
		{1F146557-3846-4F09-B4DF-629001C221B9}.Debug|x64.Build.0 = Debug|x64
		{1F146557-3846-4F09-B4DF-629001C221B9}.Debug|x86.ActiveCfg = Debug|Win32
		{1F146557-3846-4F09-B4DF-629001C221B9}.Debug|x86.Build.0 = Debug|Win32
		{1F146557-3846-4F09-B4DF-629001C221B9}.Release|x64.ActiveCfg = Release|x64
		{1F146557-3846-4F09-B4DF-629001C221B9}.Release|x64.Build.0 = Release|x64
		{1F146557-3846-4F09-B4DF-629001C221B9}.Release|x86.ActiveCfg = Release|Win32
		{1F146557-3846-4F09-B4DF-629001C221B9}.Release|x86.Build.0 = Release|Win32
		{644507A0-C413-4971-A9AA-52ECDB32F4DD}.Debug|x64.ActiveCfg = Debug|x64
		{644507A0-C413-4971-A9AA-52ECDB32F4DD}.Debug|x64.Build.0 = Debug|x64
		{644507A0-C413-4971-A9AA-52ECDB32F4DD}.Debug|x86.ActiveCfg = Debug|Win32
		{644507A0-C413-4971-A9AA-52ECDB32F4DD}.Debug|x86.Build.0 = Debug|Win32
		{644507A0-C413-4971-A9AA-52ECDB32F4DD}.Release|x64.ActiveCfg = Release|x64
		{644507A0-C413-4971-A9AA-52ECDB32F4DD}.Release|x64.Build.0 = Release|x64
		{644507A0-C413-4971-A9AA-52ECDB32F4DD}.Release|x86.ActiveCfg = Release|Win32
		{644507A0-C413-4971-A9AA-52ECDB32F4DD}.Release|x86.Build.0 = Release|Win32
		{A4BEB7B3-0198-4F30-8897-7C92A56C2A74}.Debug|x64.ActiveCfg = Debug|x64
		{A4BEB7B3-0198-4F30-8897-7C92A56C2A74}.Debug|x64.Build.0 = Debug|x64
		{A4BEB7B3-0198-4F30-8897-7C92A56C2A74}.Debug|x86.ActiveCfg = Debug|Win32
		{A4BEB7B3-0198-4F30-8897-7C92A56C2A74}.Debug|x86.Build.0 = Debug|Win32
		{A4BEB7B3-0198-4F30-8897-7C92A56C2A74}.Release|x64.ActiveCfg = Release|x64
		{A4BEB7B3-0198-4F30-8897-7C92A56C2A74}.Release|x64.Build.0 = Release|x64
		{A4BEB7B3-0198-4F30-8897-7C92A56C2A74}.Release|x86.ActiveCfg = Release|Win32
		{A4BEB7B3-0198-4F30-8897-7C92A56C2A74}.Release|x86.Build.0 = Release|Win32
		{1E0321B0-8AC8-422C-9EF5-BCE482CFF585}.Debug|x64.ActiveCfg = Debug|x64
		{1E0321B0-8AC8-422C-9EF5-BCE482CFF585}.Debug|x64.Build.0 = Debug|x64
		{1E0321B0-8AC8-422C-9EF5-BCE482CFF585}.Debug|x86.ActiveCfg = Debug|Win32
		{1E0321B0-8AC8-422C-9EF5-BCE482CFF585}.Debug|x86.Build.0 = Debug|Win32
		{1E0321B0-8AC8-422C-9EF5-BCE482CFF585}.Release|x64.ActiveCfg = Release|x64
		{1E0321B0-8AC8-422C-9EF5-BCE482CFF585}.Release|x64.Build.0 = Release|x64
		{1E0321B0-8AC8-422C-9EF5-BCE482CFF585}.Release|x86.ActiveCfg = Release|Win32
		{1E0321B0-8AC8-422C-9EF5-BCE482CFF585}.Release|x86.Build.0 = Release|Win32
		{C97CBA01-D0A9-4FCF-93AA-F2DF5D129680}.Debug|x64.ActiveCfg = Debug|x64
		{C97CBA01-D0A9-4FCF-93AA-F2DF5D129680}.Debug|x64.Build.0 = Debug|x64
		{C97CBA01-D0A9-4FCF-93AA-F2DF5D129680}.Debug|x86.ActiveCfg = Debug|Win32
		{C97CBA01-D0A9-4FCF-93AA-F2DF5D129680}.Debug|x86.Build.0 = Debug|Win32
		{C97CBA01-D0A9-4FCF-93AA-F2DF5D129680}.Release|x64.ActiveCfg = Release|x64
		{C97CBA01-D0A9-4FCF-93AA-F2DF5D129680}.Release|x64.Build.0 = Release|x64
		{C97CBA01-D0A9-4FCF-93AA-F2DF5D129680}.Release|x86.ActiveCfg = Release|Win32
		{C97CBA01-D0A9-4FCF-93AA-F2DF5D129680}.Release|x86.Build.0 = Release|Win32
		{26BC9EE9-4560-4CD5-988C-F49E7C48AD65}.Debug|x64.ActiveCfg = Debug|x64
		{26BC9EE9-4560-4CD5-988C-F49E7C48AD65}.Debug|x64.Build.0 = Debug|x64
		{26BC9EE9-4560-4CD5-988C-F49E7C48AD65}.Debug|x86.ActiveCfg = Debug|Win32
		{26BC9EE9-4560-4CD5-988C-F49E7C48AD65}.Debug|x86.Build.0 = Debug|Win32
		{26BC9EE9-4560-4CD5-988C-F49E7C48AD65}.Release|x64.ActiveCfg = Release|x64
		{26BC9EE9-4560-4CD5-988C-F49E7C48AD65}.Release|x64.Build.0 = Release|x64
		{26BC9EE9-4560-4CD5-988C-F49E7C48AD65}.Release|x86.ActiveCfg = Release|Win32
		{26BC9EE9-4560-4CD5-988C-F49E7C48AD65}.Release|x86.Build.0 = Release|Win32
		{46E4AAC6-A9A0-4C21-9AD5-EF4D110CE6BF}.Debug|x64.ActiveCfg = Debug|x64
		{46E4AAC6-A9A0-4C21-9AD5-EF4D110CE6BF}.Debug|x64.Build.0 = Debug|x64
		{46E4AAC6-A9A0-4C21-9AD5-EF4D110CE6BF}.Debug|x86.ActiveCfg = Debug|Win32
		{46E4AAC6-A9A0-4C21-9AD5-EF4D110CE6BF}.Debug|x86.Build.0 = Debug|Win32
		{46E4AAC6-A9A0-4C21-9AD5-EF4D110CE6BF}.Release|x64.ActiveCfg = Release|x64
		{46E4AAC6-A9A0-4C21-9AD5-EF4D110CE6BF}.Release|x64.Build.0 = Release|x64
		{46E4AAC6-A9A0-4C21-9AD5-EF4D110CE6BF}.Release|x86.ActiveCfg = Release|Win32
		{46E4AAC6-A9A0-4C21-9AD5-EF4D110CE6BF}.Release|x86.Build.0 = Release|Win32
		{C5F76DDD-82E1-4466-80FD-6877EB73DCC4}.Debug|x64.ActiveCfg = Debug|x64
		{C5F76DDD-82E1-4466-80FD-6877EB73DCC4}.Debug|x64.Build.0 = Debug|x64
		{C5F76DDD-82E1-4466-80FD-6877EB73DCC4}.Debug|x86.ActiveCfg = Debug|Win32
		{C5F76DDD-82E1-4466-80FD-6877EB73DCC4}.Debug|x86.Build.0 = Debug|Win32
		{C5F76DDD-82E1-4466-80FD-6877EB73DCC4}.Release|x64.ActiveCfg = Release|x64
		{C5F76DDD-82E1-4466-80FD-6877EB73DCC4}.Release|x64.Build.0 = Release|x64
		{C5F76DDD-82E1-4466-80FD-6877EB73DCC4}.Release|x86.ActiveCfg = Release|Win32
		{C5F76DDD-82E1-4466-80FD-6877EB73DCC4}.Release|x86.Build.0 = Release|Win32
		{2A462050-5B9E-403D-AFFB-D26E57CC8078}.Debug|x64.ActiveCfg = Debug|x64
		{2A462050-5B9E-403D-AFFB-D26E57CC8078}.Debug|x64.Build.0 = Debug|x64
		{2A462050-5B9E-403D-AFFB-D26E57CC8078}.Debug|x86.ActiveCfg = Debug|Win32
		{2A462050-5B9E-403D-AFFB-D26E57CC8078}.Debug|x86.Build.0 = Debug|Win32
		{2A462050-5B9E-403D-AFFB-D26E57CC8078}.Release|x64.ActiveCfg = Release|x64
		{2A462050-5B9E-403D-AFFB-D26E57CC8078}.Release|x64.Build.0 = Release|x64
		{2A462050-5B9E-403D-AFFB-D26E57CC8078}.Release|x86.ActiveCfg = Release|Win32
		{2A462050-5B9E-403D-AFFB-D26E57CC8078}.Release|x86.Build.0 = Release|Win32
		{BCEB734F-F44B-4F61-A260-6C46CA406DE9}.Debug|x64.ActiveCfg = Debug|x64
		{BCEB734F-F44B-4F61-A260-6C46CA406DE9}.Debug|x64.Build.0 = Debug|x64
		{BCEB734F-F44B-4F61-A260-6C46CA406DE9}.Debug|x86.ActiveCfg = Debug|Win32
		{BCEB734F-F44B-4F61-A260-6C46CA406DE9}.Debug|x86.Build.0 = Debug|Win32
		{BCEB734F-F44B-4F61-A260-6C46CA406DE9}.Release|x64.ActiveCfg = Release|x64
		{BCEB734F-F44B-4F61-A260-6C46CA406DE9}.Release|x64.Build.0 = Release|x64
		{BCEB734F-F44B-4F61-A260-6C46CA406DE9}.Release|x86.ActiveCfg = Release|Win32
		{BCEB734F-F44B-4F61-A260-6C46CA406DE9}.Release|x86.Build.0 = Release|Win32
		{CB2DF0FE-675E-4236-B1D0-0C81EAA24B0F}.Debug|x64.ActiveCfg = Debug|x64
		{CB2DF0FE-675E-4236-B1D0-0C81EAA24B0F}.Debug|x64.Build.0 = Debug|x64
		{CB2DF0FE-675E-4236-B1D0-0C81EAA24B0F}.Debug|x86.ActiveCfg = Debug|Win32
		{CB2DF0FE-675E-4236-B1D0-0C81EAA24B0F}.Debug|x86.Build.0 = Debug|Win32
		{CB2DF0FE-675E-4236-B1D0-0C81EAA24B0F}.Release|x64.ActiveCfg = Release|x64
		{CB2DF0FE-675E-4236-B1D0-0C81EAA24B0F}.Release|x64.Build.0 = Release|x64
		{CB2DF0FE-675E-4236-B1D0-0C81EAA24B0F}.Release|x86.ActiveCfg = Release|Win32
		{CB2DF0FE-675E-4236-B1D0-0C81EAA24B0F}.Release|x86.Build.0 = Release|Win32
		{5D7044F5-FBDD-407D-9664-422E532C94BE}.Debug|x64.ActiveCfg = Debug|x64
		{5D7044F5-FBDD-407D-9664-422E532C94BE}.Debug|x64.Build.0 = Debug|x64
		{5D7044F5-FBDD-407D-9664-422E532C94BE}.Debug|x86.ActiveCfg = Debug|Win32
		{5D7044F5-FBDD-407D-9664-422E532C94BE}.Debug|x86.Build.0 = Debug|Win32
		{5D7044F5-FBDD-407D-9664-422E532C94BE}.Release|x64.ActiveCfg = Release|x64
		{5D7044F5-FBDD-407D-9664-422E532C94BE}.Release|x64.Build.0 = Release|x64
		{5D7044F5-FBDD-407D-9664-422E532C94BE}.Release|x86.ActiveCfg = Release|Win32
		{5D7044F5-FBDD-407D-9664-422E532C94BE}.Release|x86.Build.0 = Release|Win32
		{34334F0D-9179-4D2C-BFF3-9883686F30F5}.Debug|x64.ActiveCfg = Debug|x64
		{34334F0D-9179-4D2C-BFF3-9883686F30F5}.Debug|x64.Build.0 = Debug|x64
		{34334F0D-9179-4D2C-BFF3-9883686F30F5}.Debug|x86.ActiveCfg = Debug|Win32
		{34334F0D-9179-4D2C-BFF3-9883686F30F5}.Debug|x86.Build.0 = Debug|Win32
		{34334F0D-9179-4D2C-BFF3-9883686F30F5}.Release|x64.ActiveCfg = Release|x64
		{34334F0D-9179-4D2C-BFF3-9883686F30F5}.Release|x64.Build.0 = Release|x64
		{34334F0D-9179-4D2C-BFF3-9883686F30F5}.Release|x86.ActiveCfg = Release|Win32
		{34334F0D-9179-4D2C-BFF3-9883686F30F5}.Release|x86.Build.0 = Release|Win32
	EndGlobalSection
	GlobalSection(SolutionProperties) = preSolution
		HideSolutionNode = FALSE
	EndGlobalSection
EndGlobal
